<?xml version="1.0" encoding="utf-8"?>
<Project ToolsVersion="4.0" xmlns="http://schemas.microsoft.com/developer/msbuild/2003">
  <ItemGroup>
    <Filter Include="Fichiers de ressources">
      <UniqueIdentifier>{67DA6AB6-F800-4c08-8B7A-83BB121AAD01}</UniqueIdentifier>
      <Extensions>rc;ico;cur;bmp;dlg;rc2;rct;bin;rgs;gif;jpg;jpeg;jpe;resx;tiff;tif;png;wav;mfcribbon-ms</Extensions>
    </Filter>
    <Filter Include="Source">
      <UniqueIdentifier>{93995380-89BD-4b04-88EB-625FBE52EBFB}</UniqueIdentifier>
      <Extensions>h;hh;hpp;hxx;h++;hm;inl;inc;ipp;xsd</Extensions>
    </Filter>
    <Filter Include="Source\Input">
      <UniqueIdentifier>{7bf328dc-d0eb-4821-9288-e0cd3b2da2d8}</UniqueIdentifier>
    </Filter>
    <Filter Include="Source\Update">
      <UniqueIdentifier>{1cb003c7-7521-4b68-a5b0-0f38992ca950}</UniqueIdentifier>
    </Filter>
    <Filter Include="Source\Display">
      <UniqueIdentifier>{d0bb2820-fad7-405f-9282-7368286d4982}</UniqueIdentifier>
    </Filter>
    <Filter Include="Source\Utils">
      <UniqueIdentifier>{04f84ba6-7ab5-4a5c-a532-d27eb2bb480f}</UniqueIdentifier>
    </Filter>
    <Filter Include="Source\Component">
      <UniqueIdentifier>{2f1938c7-ebaf-43ca-ba0b-d20170b7f6b9}</UniqueIdentifier>
    </Filter>
    <Filter Include="Source\Display\Mesh">
      <UniqueIdentifier>{efb24652-d9ab-42bd-90b4-3a06b12734da}</UniqueIdentifier>
    </Filter>
    <Filter Include="Source\Display\Display">
      <UniqueIdentifier>{e4e71a02-42d6-401f-9444-086a7941b716}</UniqueIdentifier>
    </Filter>
    <Filter Include="Source\Display\Shader">
      <UniqueIdentifier>{47c0489d-68ee-4d6d-bb17-c094774b9dc0}</UniqueIdentifier>
    </Filter>
    <Filter Include="Source\Display\Texture">
      <UniqueIdentifier>{f20814b8-1383-4991-9854-040766568ef0}</UniqueIdentifier>
    </Filter>
    <Filter Include="Source\Component\MeshRenderer">
      <UniqueIdentifier>{9f8a4cab-8776-4d2f-b173-1423c12561f5}</UniqueIdentifier>
    </Filter>
    <Filter Include="Source\Component\Camera">
      <UniqueIdentifier>{19e17980-035d-4dd6-a367-6e2e4a412eaa}</UniqueIdentifier>
    </Filter>
    <Filter Include="Source\Component\Collider">
      <UniqueIdentifier>{65ad1084-e164-4243-9854-3c991a2fd383}</UniqueIdentifier>
    </Filter>
    <Filter Include="Source\Component\Movement">
      <UniqueIdentifier>{f65cc22f-588f-400a-a355-3171759c03f0}</UniqueIdentifier>
    </Filter>
    <Filter Include="Source\Component\Script">
      <UniqueIdentifier>{109f670f-c6b4-4ae5-856a-0023338b4203}</UniqueIdentifier>
    </Filter>
    <Filter Include="Source\Component\Components">
      <UniqueIdentifier>{31af3220-8c2b-4c20-a27e-1db38ef9d3c8}</UniqueIdentifier>
    </Filter>
    <Filter Include="Source\Update\Update">
      <UniqueIdentifier>{1fee39c9-428a-4b42-aa05-25958698c649}</UniqueIdentifier>
    </Filter>
    <Filter Include="Source\Time">
      <UniqueIdentifier>{e7218f8f-5df2-4920-b08c-dbcd3ac0da11}</UniqueIdentifier>
    </Filter>
  </ItemGroup>
  <ItemGroup>
    <ClCompile Include="Source\Mesh.cpp">
      <Filter>Source\Display\Mesh</Filter>
    </ClCompile>
    <ClCompile Include="Source\Display.cpp">
      <Filter>Source\Display\Display</Filter>
    </ClCompile>
    <ClCompile Include="Source\MeshRenderer.cpp">
      <Filter>Source\Component\MeshRenderer</Filter>
    </ClCompile>
    <ClCompile Include="Source\Shader.cpp">
      <Filter>Source\Display\Shader</Filter>
    </ClCompile>
    <ClCompile Include="Source\Texture.cpp">
      <Filter>Source\Display\Texture</Filter>
    </ClCompile>
    <ClCompile Include="Source\Camera.cpp">
      <Filter>Source\Component\Camera</Filter>
    </ClCompile>
    <ClCompile Include="Source\Collider.cpp">
      <Filter>Source\Component\Collider</Filter>
    </ClCompile>
    <ClCompile Include="Source\Components.cpp">
      <Filter>Source\Component\Components</Filter>
    </ClCompile>
    <ClCompile Include="Source\Movement.cpp">
      <Filter>Source\Component\Movement</Filter>
    </ClCompile>
    <ClCompile Include="Source\Script.cpp">
      <Filter>Source\Component\Script</Filter>
    </ClCompile>
    <ClCompile Include="Source\Update.cpp">
      <Filter>Source\Update\Update</Filter>
    </ClCompile>
    <ClCompile Include="Source\Time.cpp">
      <Filter>Source\Time</Filter>
    </ClCompile>
  </ItemGroup>
  <ItemGroup>
    <ClInclude Include="Source\Mesh.h">
      <Filter>Source\Display\Mesh</Filter>
    </ClInclude>
    <ClInclude Include="Source\Display.h">
      <Filter>Source\Display\Display</Filter>
    </ClInclude>
    <ClInclude Include="Source\MeshRenderer.h">
      <Filter>Source\Component\MeshRenderer</Filter>
    </ClInclude>
    <ClInclude Include="Source\Shader.h">
      <Filter>Source\Display\Shader</Filter>
    </ClInclude>
    <ClInclude Include="Source\Texture.h">
      <Filter>Source\Display\Texture</Filter>
    </ClInclude>
    <ClInclude Include="Source\Camera.h">
      <Filter>Source\Component\Camera</Filter>
    </ClInclude>
    <ClInclude Include="Source\Collider.h">
      <Filter>Source\Component\Collider</Filter>
    </ClInclude>
    <ClInclude Include="Source\Components.h">
      <Filter>Source\Component\Components</Filter>
    </ClInclude>
    <ClInclude Include="Source\Movement.h">
      <Filter>Source\Component\Movement</Filter>
    </ClInclude>
    <ClInclude Include="Source\Script.h">
      <Filter>Source\Component\Script</Filter>
    </ClInclude>
    <ClInclude Include="Source\Update.h">
      <Filter>Source\Update\Update</Filter>
    </ClInclude>
    <ClInclude Include="Source\Time.h">
      <Filter>Source\Time</Filter>
    </ClInclude>
  </ItemGroup>
</Project>